
Microsoft Visual Studio Solution File, Format Version 12.00
# Visual Studio Version 17
VisualStudioVersion = 17.5.002.0
MinimumVisualStudioVersion = 10.0.40219.1
Project("{9A19103F-16F7-4668-BE54-9A1E7A4F7556}") = "DapperJson", "DapperJson\DapperJson.csproj", "{D88A5A48-FB93-4A09-B0BC-191AAE121359}"
EndProject
Project("{9A19103F-16F7-4668-BE54-9A1E7A4F7556}") = "DapperJsonTest", "DapperJsonTest\DapperJsonTest.csproj", "{0FC3049A-462D-40AE-80E4-57B83517DE84}"
EndProject
Global
	GlobalSection(SolutionConfigurationPlatforms) = preSolution
		Debug|Any CPU = Debug|Any CPU
		Release|Any CPU = Release|Any CPU
	EndGlobalSection
	GlobalSection(ProjectConfigurationPlatforms) = postSolution
		{D88A5A48-FB93-4A09-B0BC-191AAE121359}.Debug|Any CPU.ActiveCfg = Debug|Any CPU
		{D88A5A48-FB93-4A09-B0BC-191AAE121359}.Debug|Any CPU.Build.0 = Debug|Any CPU
		{D88A5A48-FB93-4A09-B0BC-191AAE121359}.Release|Any CPU.ActiveCfg = Release|Any CPU
		{D88A5A48-FB93-4A09-B0BC-191AAE121359}.Release|Any CPU.Build.0 = Release|Any CPU
		{0FC3049A-462D-40AE-80E4-57B83517DE84}.Debug|Any CPU.ActiveCfg = Debug|Any CPU
		{0FC3049A-462D-40AE-80E4-57B83517DE84}.Debug|Any CPU.Build.0 = Debug|Any CPU
		{0FC3049A-462D-40AE-80E4-57B83517DE84}.Release|Any CPU.ActiveCfg = Release|Any CPU
		{0FC3049A-462D-40AE-80E4-57B83517DE84}.Release|Any CPU.Build.0 = Release|Any CPU
	EndGlobalSection
	GlobalSection(SolutionProperties) = preSolution
		HideSolutionNode = FALSE
	EndGlobalSection
	GlobalSection(ExtensibilityGlobals) = postSolution
		SolutionGuid = {4BC39F53-4AF9-4CD8-BC08-29FA253952D8}
	EndGlobalSection
EndGlobal
